
Microsoft Visual Studio Solution File, Format Version 12.00
# Visual Studio 2012
Project("{FAE04EC0-301F-11D3-BF4B-00C04F79EFBC}") = "DemoDiaa1", "DemoDiaa1\DemoDiaa1.csproj", "{2120BCCE-4106-4BCC-8A78-E95B140F56BF}"
EndProject
Global
	GlobalSection(SolutionConfigurationPlatforms) = preSolution
		Debug|Any CPU = Debug|Any CPU
		Release|Any CPU = Release|Any CPU
	EndGlobalSection
	GlobalSection(ProjectConfigurationPlatforms) = postSolution
		{2120BCCE-4106-4BCC-8A78-E95B140F56BF}.Debug|Any CPU.ActiveCfg = Debug|Any CPU
		{2120BCCE-4106-4BCC-8A78-E95B140F56BF}.Debug|Any CPU.Build.0 = Debug|Any CPU
		{2120BCCE-4106-4BCC-8A78-E95B140F56BF}.Release|Any CPU.ActiveCfg = Release|Any CPU
		{2120BCCE-4106-4BCC-8A78-E95B140F56BF}.Release|Any CPU.Build.0 = Release|Any CPU
	EndGlobalSection
	GlobalSection(SolutionProperties) = preSolution
		HideSolutionNode = FALSE
	EndGlobalSection
EndGlobal
